
Microsoft Visual Studio Solution File, Format Version 12.00
# Visual Studio 15
VisualStudioVersion = 15.0.28307.645
MinimumVisualStudioVersion = 10.0.40219.1
Project("{9A19103F-16F7-4668-BE54-9A1E7A4F7556}") = "CarSaleApi", "CarSaleApi\CarSaleApi.csproj", "{F48F1371-4053-414E-AC9C-F2EB355C4AC1}"
EndProject
Project("{FAE04EC0-301F-11D3-BF4B-00C04F79EFBC}") = "CarSalesApi.UnitTest", "CarSalesApi.UnitTest\CarSalesApi.UnitTest.csproj", "{811CFC17-74ED-4D7E-8A8B-20DF900E4DB3}"
EndProject
Project("{FAE04EC0-301F-11D3-BF4B-00C04F79EFBC}") = "CarSaleApi.IntegrationTest", "CarSaleApi.IntegrationTest\CarSaleApi.IntegrationTest.csproj", "{1A024DA2-F97C-4FFE-B37F-C91D8A163DCF}"
EndProject
Global
	GlobalSection(SolutionConfigurationPlatforms) = preSolution
		Debug|Any CPU = Debug|Any CPU
		Release|Any CPU = Release|Any CPU
	EndGlobalSection
	GlobalSection(ProjectConfigurationPlatforms) = postSolution
		{F48F1371-4053-414E-AC9C-F2EB355C4AC1}.Debug|Any CPU.ActiveCfg = Debug|Any CPU
		{F48F1371-4053-414E-AC9C-F2EB355C4AC1}.Debug|Any CPU.Build.0 = Debug|Any CPU
		{F48F1371-4053-414E-AC9C-F2EB355C4AC1}.Release|Any CPU.ActiveCfg = Release|Any CPU
		{F48F1371-4053-414E-AC9C-F2EB355C4AC1}.Release|Any CPU.Build.0 = Release|Any CPU
		{811CFC17-74ED-4D7E-8A8B-20DF900E4DB3}.Debug|Any CPU.ActiveCfg = Debug|Any CPU
		{811CFC17-74ED-4D7E-8A8B-20DF900E4DB3}.Debug|Any CPU.Build.0 = Debug|Any CPU
		{811CFC17-74ED-4D7E-8A8B-20DF900E4DB3}.Release|Any CPU.ActiveCfg = Release|Any CPU
		{811CFC17-74ED-4D7E-8A8B-20DF900E4DB3}.Release|Any CPU.Build.0 = Release|Any CPU
		{1A024DA2-F97C-4FFE-B37F-C91D8A163DCF}.Debug|Any CPU.ActiveCfg = Debug|Any CPU
		{1A024DA2-F97C-4FFE-B37F-C91D8A163DCF}.Debug|Any CPU.Build.0 = Debug|Any CPU
		{1A024DA2-F97C-4FFE-B37F-C91D8A163DCF}.Release|Any CPU.ActiveCfg = Release|Any CPU
		{1A024DA2-F97C-4FFE-B37F-C91D8A163DCF}.Release|Any CPU.Build.0 = Release|Any CPU
	EndGlobalSection
	GlobalSection(SolutionProperties) = preSolution
		HideSolutionNode = FALSE
	EndGlobalSection
	GlobalSection(ExtensibilityGlobals) = postSolution
		SolutionGuid = {30E71996-A250-41D0-950B-DADC2A4EACCA}
	EndGlobalSection
EndGlobal
